
Microsoft Visual Studio Solution File, Format Version 12.00
# Visual Studio Version 17
VisualStudioVersion = 17.14.36203.30 d17.14
MinimumVisualStudioVersion = 10.0.40219.1
Project("{FAE04EC0-301F-11D3-BF4B-00C04F79EFBC}") = "StudentManagementSystem", "StudentManagementSystem.csproj", "{5B039314-8101-49C9-B6CC-90AB7531588D}"
EndProject
Global
	GlobalSection(SolutionConfigurationPlatforms) = preSolution
		Debug|Any CPU = Debug|Any CPU
		Release|Any CPU = Release|Any CPU
	EndGlobalSection
	GlobalSection(ProjectConfigurationPlatforms) = postSolution
		{5B039314-8101-49C9-B6CC-90AB7531588D}.Debug|Any CPU.ActiveCfg = Debug|Any CPU
		{5B039314-8101-49C9-B6CC-90AB7531588D}.Debug|Any CPU.Build.0 = Debug|Any CPU
		{5B039314-8101-49C9-B6CC-90AB7531588D}.Release|Any CPU.ActiveCfg = Release|Any CPU
		{5B039314-8101-49C9-B6CC-90AB7531588D}.Release|Any CPU.Build.0 = Release|Any CPU
	EndGlobalSection
	GlobalSection(SolutionProperties) = preSolution
		HideSolutionNode = FALSE
	EndGlobalSection
	GlobalSection(ExtensibilityGlobals) = postSolution
		SolutionGuid = {3833A4F8-A237-4C08-B453-78F93ACFD60C}
	EndGlobalSection
EndGlobal
